// !$*UTF8*$!
{
	archiveVersion = 1;
	classes = {
	};
	objectVersion = 46;
	objects = {

/* Begin PBXBuildFile section */
		C127B683188B921E00693E15 /* Foundation.framework in Frameworks */ = {isa = PBXBuildFile; fileRef = C127B682188B921E00693E15 /* Foundation.framework */; };
		C127B685188B921E00693E15 /* CoreGraphics.framework in Frameworks */ = {isa = PBXBuildFile; fileRef = C127B684188B921E00693E15 /* CoreGraphics.framework */; };
		C127B687188B921E00693E15 /* UIKit.framework in Frameworks */ = {isa = PBXBuildFile; fileRef = C127B686188B921E00693E15 /* UIKit.framework */; };
		C127B68D188B921E00693E15 /* InfoPlist.strings in Resources */ = {isa = PBXBuildFile; fileRef = C127B68B188B921E00693E15 /* InfoPlist.strings */; };
		C127B68F188B921E00693E15 /* main.m in Sources */ = {isa = PBXBuildFile; fileRef = C127B68E188B921E00693E15 /* main.m */; };
		C127B693188B921E00693E15 /* AppDelegate.m in Sources */ = {isa = PBXBuildFile; fileRef = C127B692188B921E00693E15 /* AppDelegate.m */; };
		C127B695188B921E00693E15 /* Images.xcassets in Resources */ = {isa = PBXBuildFile; fileRef = C127B694188B921E00693E15 /* Images.xcassets */; };
		C127B69C188B921E00693E15 /* XCTest.framework in Frameworks */ = {isa = PBXBuildFile; fileRef = C127B69B188B921E00693E15 /* XCTest.framework */; };
		C127B69D188B921E00693E15 /* Foundation.framework in Frameworks */ = {isa = PBXBuildFile; fileRef = C127B682188B921E00693E15 /* Foundation.framework */; };
		C127B69E188B921E00693E15 /* UIKit.framework in Frameworks */ = {isa = PBXBuildFile; fileRef = C127B686188B921E00693E15 /* UIKit.framework */; };
		C127B6A6188B921E00693E15 /* InfoPlist.strings in Resources */ = {isa = PBXBuildFile; fileRef = C127B6A4188B921E00693E15 /* InfoPlist.strings */; };
		C127B6A8188B921E00693E15 /* todoTests.m in Sources */ = {isa = PBXBuildFile; fileRef = C127B6A7188B921E00693E15 /* todoTests.m */; };
		C127B6B3188B962E00693E15 /* ToDoViewController.m in Sources */ = {isa = PBXBuildFile; fileRef = C127B6B2188B962E00693E15 /* ToDoViewController.m */; };
		C127B6B6188B978A00693E15 /* ToDoCell.m in Sources */ = {isa = PBXBuildFile; fileRef = C127B6B5188B978A00693E15 /* ToDoCell.m */; };
		C127B6B8188B97E800693E15 /* ToDoCell.xib in Resources */ = {isa = PBXBuildFile; fileRef = C127B6B7188B97E800693E15 /* ToDoCell.xib */; };
		C1E16DF0188C58510073C8B0 /* ToDoViewController.xib in Resources */ = {isa = PBXBuildFile; fileRef = C1E16DEF188C58510073C8B0 /* ToDoViewController.xib */; };
/* End PBXBuildFile section */

/* Begin PBXContainerItemProxy section */
		C127B69F188B921E00693E15 /* PBXContainerItemProxy */ = {
			isa = PBXContainerItemProxy;
			containerPortal = C127B677188B921D00693E15 /* Project object */;
			proxyType = 1;
			remoteGlobalIDString = C127B67E188B921E00693E15;
			remoteInfo = todo;
		};
/* End PBXContainerItemProxy section */

/* Begin PBXFileReference section */
		C127B67F188B921E00693E15 /* todo.app */ = {isa = PBXFileReference; explicitFileType = wrapper.application; includeInIndex = 0; path = todo.app; sourceTree = BUILT_PRODUCTS_DIR; };
		C127B682188B921E00693E15 /* Foundation.framework */ = {isa = PBXFileReference; lastKnownFileType = wrapper.framework; name = Foundation.framework; path = System/Library/Frameworks/Foundation.framework; sourceTree = SDKROOT; };
		C127B684188B921E00693E15 /* CoreGraphics.framework */ = {isa = PBXFileReference; lastKnownFileType = wrapper.framework; name = CoreGraphics.framework; path = System/Library/Frameworks/CoreGraphics.framework; sourceTree = SDKROOT; };
		C127B686188B921E00693E15 /* UIKit.framework */ = {isa = PBXFileReference; lastKnownFileType = wrapper.framework; name = UIKit.framework; path = System/Library/Frameworks/UIKit.framework; sourceTree = SDKROOT; };
		C127B68A188B921E00693E15 /* todo-Info.plist */ = {isa = PBXFileReference; lastKnownFileType = text.plist.xml; path = "todo-Info.plist"; sourceTree = "<group>"; };
		C127B68C188B921E00693E15 /* en */ = {isa = PBXFileReference; lastKnownFileType = text.plist.strings; name = en; path = en.lproj/InfoPlist.strings; sourceTree = "<group>"; };
		C127B68E188B921E00693E15 /* main.m */ = {isa = PBXFileReference; lastKnownFileType = sourcecode.c.objc; path = main.m; sourceTree = "<group>"; };
		C127B690188B921E00693E15 /* todo-Prefix.pch */ = {isa = PBXFileReference; lastKnownFileType = sourcecode.c.h; path = "todo-Prefix.pch"; sourceTree = "<group>"; };
		C127B691188B921E00693E15 /* AppDelegate.h */ = {isa = PBXFileReference; lastKnownFileType = sourcecode.c.h; path = AppDelegate.h; sourceTree = "<group>"; };
		C127B692188B921E00693E15 /* AppDelegate.m */ = {isa = PBXFileReference; lastKnownFileType = sourcecode.c.objc; path = AppDelegate.m; sourceTree = "<group>"; };
		C127B694188B921E00693E15 /* Images.xcassets */ = {isa = PBXFileReference; lastKnownFileType = folder.assetcatalog; path = Images.xcassets; sourceTree = "<group>"; };
		C127B69A188B921E00693E15 /* todoTests.xctest */ = {isa = PBXFileReference; explicitFileType = wrapper.cfbundle; includeInIndex = 0; path = todoTests.xctest; sourceTree = BUILT_PRODUCTS_DIR; };
		C127B69B188B921E00693E15 /* XCTest.framework */ = {isa = PBXFileReference; lastKnownFileType = wrapper.framework; name = XCTest.framework; path = Library/Frameworks/XCTest.framework; sourceTree = DEVELOPER_DIR; };
		C127B6A3188B921E00693E15 /* todoTests-Info.plist */ = {isa = PBXFileReference; lastKnownFileType = text.plist.xml; path = "todoTests-Info.plist"; sourceTree = "<group>"; };
		C127B6A5188B921E00693E15 /* en */ = {isa = PBXFileReference; lastKnownFileType = text.plist.strings; name = en; path = en.lproj/InfoPlist.strings; sourceTree = "<group>"; };
		C127B6A7188B921E00693E15 /* todoTests.m */ = {isa = PBXFileReference; lastKnownFileType = sourcecode.c.objc; path = todoTests.m; sourceTree = "<group>"; };
		C127B6B1188B962E00693E15 /* ToDoViewController.h */ = {isa = PBXFileReference; fileEncoding = 4; lastKnownFileType = sourcecode.c.h; path = ToDoViewController.h; sourceTree = "<group>"; };
		C127B6B2188B962E00693E15 /* ToDoViewController.m */ = {isa = PBXFileReference; fileEncoding = 4; lastKnownFileType = sourcecode.c.objc; path = ToDoViewController.m; sourceTree = "<group>"; };
		C127B6B4188B978A00693E15 /* ToDoCell.h */ = {isa = PBXFileReference; fileEncoding = 4; lastKnownFileType = sourcecode.c.h; path = ToDoCell.h; sourceTree = "<group>"; };
		C127B6B5188B978A00693E15 /* ToDoCell.m */ = {isa = PBXFileReference; fileEncoding = 4; lastKnownFileType = sourcecode.c.objc; path = ToDoCell.m; sourceTree = "<group>"; };
		C127B6B7188B97E800693E15 /* ToDoCell.xib */ = {isa = PBXFileReference; fileEncoding = 4; lastKnownFileType = file.xib; path = ToDoCell.xib; sourceTree = "<group>"; };
		C1E16DEF188C58510073C8B0 /* ToDoViewController.xib */ = {isa = PBXFileReference; fileEncoding = 4; lastKnownFileType = file.xib; path = ToDoViewController.xib; sourceTree = "<group>"; };
/* End PBXFileReference section */

/* Begin PBXFrameworksBuildPhase section */
		C127B67C188B921E00693E15 /* Frameworks */ = {
			isa = PBXFrameworksBuildPhase;
			buildActionMask = 2147483647;
			files = (
				C127B685188B921E00693E15 /* CoreGraphics.framework in Frameworks */,
				C127B687188B921E00693E15 /* UIKit.framework in Frameworks */,
				C127B683188B921E00693E15 /* Foundation.framework in Frameworks */,
			);
			runOnlyForDeploymentPostprocessing = 0;
		};
		C127B697188B921E00693E15 /* Frameworks */ = {
			isa = PBXFrameworksBuildPhase;
			buildActionMask = 2147483647;
			files = (
				C127B69C188B921E00693E15 /* XCTest.framework in Frameworks */,
				C127B69E188B921E00693E15 /* UIKit.framework in Frameworks */,
				C127B69D188B921E00693E15 /* Foundation.framework in Frameworks */,
			);
			runOnlyForDeploymentPostprocessing = 0;
		};
/* End PBXFrameworksBuildPhase section */

/* Begin PBXGroup section */
		C127B676188B921D00693E15 = {
			isa = PBXGroup;
			children = (
				C127B688188B921E00693E15 /* todo */,
				C127B6A1188B921E00693E15 /* todoTests */,
				C127B681188B921E00693E15 /* Frameworks */,
				C127B680188B921E00693E15 /* Products */,
			);
			sourceTree = "<group>";
		};
		C127B680188B921E00693E15 /* Products */ = {
			isa = PBXGroup;
			children = (
				C127B67F188B921E00693E15 /* todo.app */,
				C127B69A188B921E00693E15 /* todoTests.xctest */,
			);
			name = Products;
			sourceTree = "<group>";
		};
		C127B681188B921E00693E15 /* Frameworks */ = {
			isa = PBXGroup;
			children = (
				C127B682188B921E00693E15 /* Foundation.framework */,
				C127B684188B921E00693E15 /* CoreGraphics.framework */,
				C127B686188B921E00693E15 /* UIKit.framework */,
				C127B69B188B921E00693E15 /* XCTest.framework */,
			);
			name = Frameworks;
			sourceTree = "<group>";
		};
		C127B688188B921E00693E15 /* todo */ = {
			isa = PBXGroup;
			children = (
				C127B691188B921E00693E15 /* AppDelegate.h */,
				C127B692188B921E00693E15 /* AppDelegate.m */,
				C127B694188B921E00693E15 /* Images.xcassets */,
				C127B689188B921E00693E15 /* Supporting Files */,
				C127B6B1188B962E00693E15 /* ToDoViewController.h */,
				C127B6B2188B962E00693E15 /* ToDoViewController.m */,
				C1E16DEF188C58510073C8B0 /* ToDoViewController.xib */,
				C127B6B4188B978A00693E15 /* ToDoCell.h */,
				C127B6B5188B978A00693E15 /* ToDoCell.m */,
				C127B6B7188B97E800693E15 /* ToDoCell.xib */,
			);
			path = todo;
			sourceTree = "<group>";
		};
		C127B689188B921E00693E15 /* Supporting Files */ = {
			isa = PBXGroup;
			children = (
				C127B68A188B921E00693E15 /* todo-Info.plist */,
				C127B68B188B921E00693E15 /* InfoPlist.strings */,
				C127B68E188B921E00693E15 /* main.m */,
				C127B690188B921E00693E15 /* todo-Prefix.pch */,
			);
			name = "Supporting Files";
			sourceTree = "<group>";
		};
		C127B6A1188B921E00693E15 /* todoTests */ = {
			isa = PBXGroup;
			children = (
				C127B6A7188B921E00693E15 /* todoTests.m */,
				C127B6A2188B921E00693E15 /* Supporting Files */,
			);
			path = todoTests;
			sourceTree = "<group>";
		};
		C127B6A2188B921E00693E15 /* Supporting Files */ = {
			isa = PBXGroup;
			children = (
				C127B6A3188B921E00693E15 /* todoTests-Info.plist */,
				C127B6A4188B921E00693E15 /* InfoPlist.strings */,
			);
			name = "Supporting Files";
			sourceTree = "<group>";
		};
/* End PBXGroup section */

/* Begin PBXNativeTarget section */
		C127B67E188B921E00693E15 /* todo */ = {
			isa = PBXNativeTarget;
			buildConfigurationList = C127B6AB188B921E00693E15 /* Build configuration list for PBXNativeTarget "todo" */;
			buildPhases = (
				C127B67B188B921E00693E15 /* Sources */,
				C127B67C188B921E00693E15 /* Frameworks */,
				C127B67D188B921E00693E15 /* Resources */,
			);
			buildRules = (
			);
			dependencies = (
			);
			name = todo;
			productName = todo;
			productReference = C127B67F188B921E00693E15 /* todo.app */;
			productType = "com.apple.product-type.application";
		};
		C127B699188B921E00693E15 /* todoTests */ = {
			isa = PBXNativeTarget;
			buildConfigurationList = C127B6AE188B921E00693E15 /* Build configuration list for PBXNativeTarget "todoTests" */;
			buildPhases = (
				C127B696188B921E00693E15 /* Sources */,
				C127B697188B921E00693E15 /* Frameworks */,
				C127B698188B921E00693E15 /* Resources */,
			);
			buildRules = (
			);
			dependencies = (
				C127B6A0188B921E00693E15 /* PBXTargetDependency */,
			);
			name = todoTests;
			productName = todoTests;
			productReference = C127B69A188B921E00693E15 /* todoTests.xctest */;
			productType = "com.apple.product-type.bundle.unit-test";
		};
/* End PBXNativeTarget section */

/* Begin PBXProject section */
		C127B677188B921D00693E15 /* Project object */ = {
			isa = PBXProject;
			attributes = {
				LastUpgradeCheck = 0500;
				ORGANIZATIONNAME = thanawat;
				TargetAttributes = {
					C127B699188B921E00693E15 = {
						TestTargetID = C127B67E188B921E00693E15;
					};
				};
			};
			buildConfigurationList = C127B67A188B921D00693E15 /* Build configuration list for PBXProject "todo" */;
			compatibilityVersion = "Xcode 3.2";
			developmentRegion = English;
			hasScannedForEncodings = 0;
			knownRegions = (
				en,
			);
			mainGroup = C127B676188B921D00693E15;
			productRefGroup = C127B680188B921E00693E15 /* Products */;
			projectDirPath = "";
			projectRoot = "";
			targets = (
				C127B67E188B921E00693E15 /* todo */,
				C127B699188B921E00693E15 /* todoTests */,
			);
		};
/* End PBXProject section */

/* Begin PBXResourcesBuildPhase section */
		C127B67D188B921E00693E15 /* Resources */ = {
			isa = PBXResourcesBuildPhase;
			buildActionMask = 2147483647;
			files = (
				C1E16DF0188C58510073C8B0 /* ToDoViewController.xib in Resources */,
				C127B6B8188B97E800693E15 /* ToDoCell.xib in Resources */,
				C127B68D188B921E00693E15 /* InfoPlist.strings in Resources */,
				C127B695188B921E00693E15 /* Images.xcassets in Resources */,
			);
			runOnlyForDeploymentPostprocessing = 0;
		};
		C127B698188B921E00693E15 /* Resources */ = {
			isa = PBXResourcesBuildPhase;
			buildActionMask = 2147483647;
			files = (
				C127B6A6188B921E00693E15 /* InfoPlist.strings in Resources */,
			);
			runOnlyForDeploymentPostprocessing = 0;
		};
/* End PBXResourcesBuildPhase section */

/* Begin PBXSourcesBuildPhase section */
		C127B67B188B921E00693E15 /* Sources */ = {
			isa = PBXSourcesBuildPhase;
			buildActionMask = 2147483647;
			files = (
				C127B693188B921E00693E15 /* AppDelegate.m in Sources */,
				C127B68F188B921E00693E15 /* main.m in Sources */,
				C127B6B3188B962E00693E15 /* ToDoViewController.m in Sources */,
				C127B6B6188B978A00693E15 /* ToDoCell.m in Sources */,
			);
			runOnlyForDeploymentPostprocessing = 0;
		};
		C127B696188B921E00693E15 /* Sources */ = {
			isa = PBXSourcesBuildPhase;
			buildActionMask = 2147483647;
			files = (
				C127B6A8188B921E00693E15 /* todoTests.m in Sources */,
			);
			runOnlyForDeploymentPostprocessing = 0;
		};
/* End PBXSourcesBuildPhase section */

/* Begin PBXTargetDependency section */
		C127B6A0188B921E00693E15 /* PBXTargetDependency */ = {
			isa = PBXTargetDependency;
			target = C127B67E188B921E00693E15 /* todo */;
			targetProxy = C127B69F188B921E00693E15 /* PBXContainerItemProxy */;
		};
/* End PBXTargetDependency section */

/* Begin PBXVariantGroup section */
		C127B68B188B921E00693E15 /* InfoPlist.strings */ = {
			isa = PBXVariantGroup;
			children = (
				C127B68C188B921E00693E15 /* en */,
			);
			name = InfoPlist.strings;
			sourceTree = "<group>";
		};
		C127B6A4188B921E00693E15 /* InfoPlist.strings */ = {
			isa = PBXVariantGroup;
			children = (
				C127B6A5188B921E00693E15 /* en */,
			);
			name = InfoPlist.strings;
			sourceTree = "<group>";
		};
/* End PBXVariantGroup section */

/* Begin XCBuildConfiguration section */
		C127B6A9188B921E00693E15 /* Debug */ = {
			isa = XCBuildConfiguration;
			buildSettings = {
				ALWAYS_SEARCH_USER_PATHS = NO;
				ARCHS = "$(ARCHS_STANDARD_INCLUDING_64_BIT)";
				CLANG_CXX_LANGUAGE_STANDARD = "gnu++0x";
				CLANG_CXX_LIBRARY = "libc++";
				CLANG_ENABLE_MODULES = YES;
				CLANG_ENABLE_OBJC_ARC = YES;
				CLANG_WARN_BOOL_CONVERSION = YES;
				CLANG_WARN_CONSTANT_CONVERSION = YES;
				CLANG_WARN_DIRECT_OBJC_ISA_USAGE = YES_ERROR;
				CLANG_WARN_EMPTY_BODY = YES;
				CLANG_WARN_ENUM_CONVERSION = YES;
				CLANG_WARN_INT_CONVERSION = YES;
				CLANG_WARN_OBJC_ROOT_CLASS = YES_ERROR;
				CLANG_WARN__DUPLICATE_METHOD_MATCH = YES;
				"CODE_SIGN_IDENTITY[sdk=iphoneos*]" = "iPhone Developer";
				COPY_PHASE_STRIP = NO;
				GCC_C_LANGUAGE_STANDARD = gnu99;
				GCC_DYNAMIC_NO_PIC = NO;
				GCC_OPTIMIZATION_LEVEL = 0;
				GCC_PREPROCESSOR_DEFINITIONS = (
					"DEBUG=1",
					"$(inherited)",
				);
				GCC_SYMBOLS_PRIVATE_EXTERN = NO;
				GCC_WARN_64_TO_32_BIT_CONVERSION = YES;
				GCC_WARN_ABOUT_RETURN_TYPE = YES_ERROR;
				GCC_WARN_UNDECLARED_SELECTOR = YES;
				GCC_WARN_UNINITIALIZED_AUTOS = YES;
				GCC_WARN_UNUSED_FUNCTION = YES;
				GCC_WARN_UNUSED_VARIABLE = YES;
				IPHONEOS_DEPLOYMENT_TARGET = 7.0;
				ONLY_ACTIVE_ARCH = YES;
				SDKROOT = iphoneos;
			};
			name = Debug;
		};
		C127B6AA188B921E00693E15 /* Release */ = {
			isa = XCBuildConfiguration;
			buildSettings = {
				ALWAYS_SEARCH_USER_PATHS = NO;
				ARCHS = "$(ARCHS_STANDARD_INCLUDING_64_BIT)";
				CLANG_CXX_LANGUAGE_STANDARD = "gnu++0x";
				CLANG_CXX_LIBRARY = "libc++";
				CLANG_ENABLE_MODULES = YES;
				CLANG_ENABLE_OBJC_ARC = YES;
				CLANG_WARN_BOOL_CONVERSION = YES;
				CLANG_WARN_CONSTANT_CONVERSION = YES;
				CLANG_WARN_DIRECT_OBJC_ISA_USAGE = YES_ERROR;
				CLANG_WARN_EMPTY_BODY = YES;
				CLANG_WARN_ENUM_CONVERSION = YES;
				CLANG_WARN_INT_CONVERSION = YES;
				CLANG_WARN_OBJC_ROOT_CLASS = YES_ERROR;
				CLANG_WARN__DUPLICATE_METHOD_MATCH = YES;
				"CODE_SIGN_IDENTITY[sdk=iphoneos*]" = "iPhone Developer";
				COPY_PHASE_STRIP = YES;
				ENABLE_NS_ASSERTIONS = NO;
				GCC_C_LANGUAGE_STANDARD = gnu99;
				GCC_WARN_64_TO_32_BIT_CONVERSION = YES;
				GCC_WARN_ABOUT_RETURN_TYPE = YES_ERROR;
				GCC_WARN_UNDECLARED_SELECTOR = YES;
				GCC_WARN_UNINITIALIZED_AUTOS = YES;
				GCC_WARN_UNUSED_FUNCTION = YES;
				GCC_WARN_UNUSED_VARIABLE = YES;
				IPHONEOS_DEPLOYMENT_TARGET = 7.0;
				SDKROOT = iphoneos;
				VALIDATE_PRODUCT = YES;
			};
			name = Release;
		};
		C127B6AC188B921E00693E15 /* Debug */ = {
			isa = XCBuildConfiguration;
			buildSettings = {
				ASSETCATALOG_COMPILER_APPICON_NAME = AppIcon;
				ASSETCATALOG_COMPILER_LAUNCHIMAGE_NAME = LaunchImage;
				GCC_PRECOMPILE_PREFIX_HEADER = YES;
				GCC_PREFIX_HEADER = "todo/todo-Prefix.pch";
				INFOPLIST_FILE = "todo/todo-Info.plist";
				PRODUCT_NAME = "$(TARGET_NAME)";
				WRAPPER_EXTENSION = app;
			};
			name = Debug;
		};
		C127B6AD188B921E00693E15 /* Release */ = {
			isa = XCBuildConfiguration;
			buildSettings = {
				ASSETCATALOG_COMPILER_APPICON_NAME = AppIcon;
				ASSETCATALOG_COMPILER_LAUNCHIMAGE_NAME = LaunchImage;
				GCC_PRECOMPILE_PREFIX_HEADER = YES;
				GCC_PREFIX_HEADER = "todo/todo-Prefix.pch";
				INFOPLIST_FILE = "todo/todo-Info.plist";
				PRODUCT_NAME = "$(TARGET_NAME)";
				WRAPPER_EXTENSION = app;
			};
			name = Release;
		};
		C127B6AF188B921E00693E15 /* Debug */ = {
			isa = XCBuildConfiguration;
			buildSettings = {
				ARCHS = "$(ARCHS_STANDARD_INCLUDING_64_BIT)";
				BUNDLE_LOADER = "$(BUILT_PRODUCTS_DIR)/todo.app/todo";
				FRAMEWORK_SEARCH_PATHS = (
					"$(SDKROOT)/Developer/Library/Frameworks",
					"$(inherited)",
					"$(DEVELOPER_FRAMEWORKS_DIR)",
				);
				GCC_PRECOMPILE_PREFIX_HEADER = YES;
				GCC_PREFIX_HEADER = "todo/todo-Prefix.pch";
				GCC_PREPROCESSOR_DEFINITIONS = (
					"DEBUG=1",
					"$(inherited)",
				);
				INFOPLIST_FILE = "todoTests/todoTests-Info.plist";
				PRODUCT_NAME = "$(TARGET_NAME)";
				TEST_HOST = "$(BUNDLE_LOADER)";
				WRAPPER_EXTENSION = xctest;
			};
			name = Debug;
		};
		C127B6B0188B921E00693E15 /* Release */ = {
			isa = XCBuildConfiguration;
			buildSettings = {
				ARCHS = "$(ARCHS_STANDARD_INCLUDING_64_BIT)";
				BUNDLE_LOADER = "$(BUILT_PRODUCTS_DIR)/todo.app/todo";
				FRAMEWORK_SEARCH_PATHS = (
					"$(SDKROOT)/Developer/Library/Frameworks",
					"$(inherited)",
					"$(DEVELOPER_FRAMEWORKS_DIR)",
				);
				GCC_PRECOMPILE_PREFIX_HEADER = YES;
				GCC_PREFIX_HEADER = "todo/todo-Prefix.pch";
				INFOPLIST_FILE = "todoTests/todoTests-Info.plist";
				PRODUCT_NAME = "$(TARGET_NAME)";
				TEST_HOST = "$(BUNDLE_LOADER)";
				WRAPPER_EXTENSION = xctest;
			};
			name = Release;
		};
/* End XCBuildConfiguration section */

/* Begin XCConfigurationList section */
		C127B67A188B921D00693E15 /* Build configuration list for PBXProject "todo" */ = {
			isa = XCConfigurationList;
			buildConfigurations = (
				C127B6A9188B921E00693E15 /* Debug */,
				C127B6AA188B921E00693E15 /* Release */,
			);
			defaultConfigurationIsVisible = 0;
			defaultConfigurationName = Release;
		};
		C127B6AB188B921E00693E15 /* Build configuration list for PBXNativeTarget "todo" */ = {
			isa = XCConfigurationList;
			buildConfigurations = (
				C127B6AC188B921E00693E15 /* Debug */,
				C127B6AD188B921E00693E15 /* Release */,
			);
			defaultConfigurationIsVisible = 0;
			defaultConfigurationName = Release;
		};
		C127B6AE188B921E00693E15 /* Build configuration list for PBXNativeTarget "todoTests" */ = {
			isa = XCConfigurationList;
			buildConfigurations = (
				C127B6AF188B921E00693E15 /* Debug */,
				C127B6B0188B921E00693E15 /* Release */,
			);
			defaultConfigurationIsVisible = 0;
			defaultConfigurationName = Release;
		};
/* End XCConfigurationList section */
	};
	rootObject = C127B677188B921D00693E15 /* Project object */;
}
